
Microsoft Visual Studio Solution File, Format Version 12.00
# Visual Studio Version 17
VisualStudioVersion = 17.8.34309.116
MinimumVisualStudioVersion = 10.0.40219.1
Project("{FAE04EC0-301F-11D3-BF4B-00C04F79EFBC}") = "CapaDatos", "CapaDatos\CapaDatos.csproj", "{8BA5ED6E-5079-4754-B16D-37135532683E}"
EndProject
Project("{FAE04EC0-301F-11D3-BF4B-00C04F79EFBC}") = "CapaNegocios", "CapaNegocios\CapaNegocios.csproj", "{00A79DF3-FC63-4393-836E-B5C4CC33BFB8}"
EndProject
Project("{FAE04EC0-301F-11D3-BF4B-00C04F79EFBC}") = "CapaPresentación", "CapaPresentación\CapaPresentación.csproj", "{CD83C64C-0901-48FE-BAA3-4633C0972585}"
EndProject
Global
	GlobalSection(SolutionConfigurationPlatforms) = preSolution
		Debug|Any CPU = Debug|Any CPU
		Release|Any CPU = Release|Any CPU
	EndGlobalSection
	GlobalSection(ProjectConfigurationPlatforms) = postSolution
		{8BA5ED6E-5079-4754-B16D-37135532683E}.Debug|Any CPU.ActiveCfg = Debug|Any CPU
		{8BA5ED6E-5079-4754-B16D-37135532683E}.Debug|Any CPU.Build.0 = Debug|Any CPU
		{8BA5ED6E-5079-4754-B16D-37135532683E}.Release|Any CPU.ActiveCfg = Release|Any CPU
		{8BA5ED6E-5079-4754-B16D-37135532683E}.Release|Any CPU.Build.0 = Release|Any CPU
		{00A79DF3-FC63-4393-836E-B5C4CC33BFB8}.Debug|Any CPU.ActiveCfg = Debug|Any CPU
		{00A79DF3-FC63-4393-836E-B5C4CC33BFB8}.Debug|Any CPU.Build.0 = Debug|Any CPU
		{00A79DF3-FC63-4393-836E-B5C4CC33BFB8}.Release|Any CPU.ActiveCfg = Release|Any CPU
		{00A79DF3-FC63-4393-836E-B5C4CC33BFB8}.Release|Any CPU.Build.0 = Release|Any CPU
		{CD83C64C-0901-48FE-BAA3-4633C0972585}.Debug|Any CPU.ActiveCfg = Debug|Any CPU
		{CD83C64C-0901-48FE-BAA3-4633C0972585}.Debug|Any CPU.Build.0 = Debug|Any CPU
		{CD83C64C-0901-48FE-BAA3-4633C0972585}.Release|Any CPU.ActiveCfg = Release|Any CPU
		{CD83C64C-0901-48FE-BAA3-4633C0972585}.Release|Any CPU.Build.0 = Release|Any CPU
	EndGlobalSection
	GlobalSection(SolutionProperties) = preSolution
		HideSolutionNode = FALSE
	EndGlobalSection
	GlobalSection(ExtensibilityGlobals) = postSolution
		SolutionGuid = {6C0CD083-FA4C-40F1-9696-298FE0693785}
	EndGlobalSection
EndGlobal
